Microsoft Visual Studio Solution File, Format Version 12.00
# Visual Studio Version 16
VisualStudioVersion = 16.0.29613.14
MinimumVisualStudioVersion = 10.0.40219.1
Project("{FAE04EC0-301F-11D3-BF4B-00C04F79EFBC}") = "Brackeys 4th Jam Game", "Brackeys 4th Jam Game.csproj", "{4E16AF5C-0066-4F6C-B3A8-C3A596C27B06}"
EndProject
Global
	GlobalSection(SolutionConfigurationPlatforms) = preSolution
		Debug|Any CPU = Debug|Any CPU
		ExportDebug|Any CPU = ExportDebug|Any CPU
		ExportRelease|Any CPU = ExportRelease|Any CPU
	EndGlobalSection
	GlobalSection(ProjectConfigurationPlatforms) = postSolution
		{4E16AF5C-0066-4F6C-B3A8-C3A596C27B06}.Debug|Any CPU.ActiveCfg = Debug|Any CPU
		{4E16AF5C-0066-4F6C-B3A8-C3A596C27B06}.Debug|Any CPU.Build.0 = Debug|Any CPU
		{4E16AF5C-0066-4F6C-B3A8-C3A596C27B06}.ExportDebug|Any CPU.ActiveCfg = ExportDebug|Any CPU
		{4E16AF5C-0066-4F6C-B3A8-C3A596C27B06}.ExportDebug|Any CPU.Build.0 = ExportDebug|Any CPU
		{4E16AF5C-0066-4F6C-B3A8-C3A596C27B06}.ExportRelease|Any CPU.ActiveCfg = ExportRelease|Any CPU
		{4E16AF5C-0066-4F6C-B3A8-C3A596C27B06}.ExportRelease|Any CPU.Build.0 = ExportRelease|Any CPU
	EndGlobalSection
	GlobalSection(SolutionProperties) = preSolution
		HideSolutionNode = FALSE
	EndGlobalSection
	GlobalSection(ExtensibilityGlobals) = postSolution
		SolutionGuid = {38A071C7-204A-4F78-A838-9BE437555833}
	EndGlobalSection
EndGlobal
